
Microsoft Visual Studio Solution File, Format Version 12.00
# Visual Studio Version 17
VisualStudioVersion = 17.8.34322.80
MinimumVisualStudioVersion = 10.0.40219.1
Project("{FAE04EC0-301F-11D3-BF4B-00C04F79EFBC}") = "SearchWordInFiles", "SearchWordInFiles\SearchWordInFiles.csproj", "{7075D9DA-51CC-414C-B9CF-9399F4E6820B}"
EndProject
Global
	GlobalSection(SolutionConfigurationPlatforms) = preSolution
		Debug|Any CPU = Debug|Any CPU
		Release|Any CPU = Release|Any CPU
	EndGlobalSection
	GlobalSection(ProjectConfigurationPlatforms) = postSolution
		{7075D9DA-51CC-414C-B9CF-9399F4E6820B}.Debug|Any CPU.ActiveCfg = Debug|Any CPU
		{7075D9DA-51CC-414C-B9CF-9399F4E6820B}.Debug|Any CPU.Build.0 = Debug|Any CPU
		{7075D9DA-51CC-414C-B9CF-9399F4E6820B}.Release|Any CPU.ActiveCfg = Release|Any CPU
		{7075D9DA-51CC-414C-B9CF-9399F4E6820B}.Release|Any CPU.Build.0 = Release|Any CPU
	EndGlobalSection
	GlobalSection(SolutionProperties) = preSolution
		HideSolutionNode = FALSE
	EndGlobalSection
	GlobalSection(ExtensibilityGlobals) = postSolution
		SolutionGuid = {A395070F-AC94-48A5-A059-F5BA229CA047}
	EndGlobalSection
EndGlobal
